
Microsoft Visual Studio Solution File, Format Version 9.00
# Visual Studio 2005
Project("{FAE04EC0-301F-11D3-BF4B-00C04F79EFBC}") = "WeeklyScheduler", "WeeklyScheduler\WeeklyScheduler.csproj", "{C6232B61-7372-4D5E-A23D-3DAB2BF19446}"
EndProject
Project("{FAE04EC0-301F-11D3-BF4B-00C04F79EFBC}") = "WeeklyScheduleGUI", "WeeklyScheduleGUI\WeeklyScheduleGUI.csproj", "{04EA47C3-8936-49DF-B195-F8DEB0B70472}"
EndProject
Global
	GlobalSection(SolutionConfigurationPlatforms) = preSolution
		Debug|Any CPU = Debug|Any CPU
		Release|Any CPU = Release|Any CPU
	EndGlobalSection
	GlobalSection(ProjectConfigurationPlatforms) = postSolution
		{C6232B61-7372-4D5E-A23D-3DAB2BF19446}.Debug|Any CPU.ActiveCfg = Debug|Any CPU
		{C6232B61-7372-4D5E-A23D-3DAB2BF19446}.Debug|Any CPU.Build.0 = Debug|Any CPU
		{C6232B61-7372-4D5E-A23D-3DAB2BF19446}.Release|Any CPU.ActiveCfg = Release|Any CPU
		{C6232B61-7372-4D5E-A23D-3DAB2BF19446}.Release|Any CPU.Build.0 = Release|Any CPU
		{04EA47C3-8936-49DF-B195-F8DEB0B70472}.Debug|Any CPU.ActiveCfg = Debug|Any CPU
		{04EA47C3-8936-49DF-B195-F8DEB0B70472}.Debug|Any CPU.Build.0 = Debug|Any CPU
		{04EA47C3-8936-49DF-B195-F8DEB0B70472}.Release|Any CPU.ActiveCfg = Release|Any CPU
		{04EA47C3-8936-49DF-B195-F8DEB0B70472}.Release|Any CPU.Build.0 = Release|Any CPU
	EndGlobalSection
	GlobalSection(SolutionProperties) = preSolution
		HideSolutionNode = FALSE
	EndGlobalSection
EndGlobal
